
Microsoft Visual Studio Solution File, Format Version 12.00
# Visual Studio Version 16
VisualStudioVersion = 16.6.30114.105
MinimumVisualStudioVersion = 10.0.40219.1
Project("{FAE04EC0-301F-11D3-BF4B-00C04F79EFBC}") = "Domain", "Domain\Domain.csproj", "{D12E4CB9-1F4C-42AF-8D69-39C1894ECD3B}"
EndProject
Project("{FAE04EC0-301F-11D3-BF4B-00C04F79EFBC}") = "Application", "Application\Application.csproj", "{42143E38-EB83-4D47-B323-BA1D2B1BFE86}"
EndProject
Project("{FAE04EC0-301F-11D3-BF4B-00C04F79EFBC}") = "Persistence", "Persistence\Persistence.csproj", "{2D2305C1-7952-44FA-8792-111FF92E9F4F}"
EndProject
Project("{FAE04EC0-301F-11D3-BF4B-00C04F79EFBC}") = "API", "API\API.csproj", "{296D8F42-C89A-47B5-958E-3107F487A2D9}"
EndProject
Global
	GlobalSection(SolutionConfigurationPlatforms) = preSolution
		Debug|Any CPU = Debug|Any CPU
		Debug|x64 = Debug|x64
		Debug|x86 = Debug|x86
		Release|Any CPU = Release|Any CPU
		Release|x64 = Release|x64
		Release|x86 = Release|x86
	EndGlobalSection
	GlobalSection(SolutionProperties) = preSolution
		HideSolutionNode = FALSE
	EndGlobalSection
	GlobalSection(ProjectConfigurationPlatforms) = postSolution
		{D12E4CB9-1F4C-42AF-8D69-39C1894ECD3B}.Debug|Any CPU.ActiveCfg = Debug|Any CPU
		{D12E4CB9-1F4C-42AF-8D69-39C1894ECD3B}.Debug|Any CPU.Build.0 = Debug|Any CPU
		{D12E4CB9-1F4C-42AF-8D69-39C1894ECD3B}.Debug|x64.ActiveCfg = Debug|Any CPU
		{D12E4CB9-1F4C-42AF-8D69-39C1894ECD3B}.Debug|x64.Build.0 = Debug|Any CPU
		{D12E4CB9-1F4C-42AF-8D69-39C1894ECD3B}.Debug|x86.ActiveCfg = Debug|Any CPU
		{D12E4CB9-1F4C-42AF-8D69-39C1894ECD3B}.Debug|x86.Build.0 = Debug|Any CPU
		{D12E4CB9-1F4C-42AF-8D69-39C1894ECD3B}.Release|Any CPU.ActiveCfg = Release|Any CPU
		{D12E4CB9-1F4C-42AF-8D69-39C1894ECD3B}.Release|Any CPU.Build.0 = Release|Any CPU
		{D12E4CB9-1F4C-42AF-8D69-39C1894ECD3B}.Release|x64.ActiveCfg = Release|Any CPU
		{D12E4CB9-1F4C-42AF-8D69-39C1894ECD3B}.Release|x64.Build.0 = Release|Any CPU
		{D12E4CB9-1F4C-42AF-8D69-39C1894ECD3B}.Release|x86.ActiveCfg = Release|Any CPU
		{D12E4CB9-1F4C-42AF-8D69-39C1894ECD3B}.Release|x86.Build.0 = Release|Any CPU
		{42143E38-EB83-4D47-B323-BA1D2B1BFE86}.Debug|Any CPU.ActiveCfg = Debug|Any CPU
		{42143E38-EB83-4D47-B323-BA1D2B1BFE86}.Debug|Any CPU.Build.0 = Debug|Any CPU
		{42143E38-EB83-4D47-B323-BA1D2B1BFE86}.Debug|x64.ActiveCfg = Debug|Any CPU
		{42143E38-EB83-4D47-B323-BA1D2B1BFE86}.Debug|x64.Build.0 = Debug|Any CPU
		{42143E38-EB83-4D47-B323-BA1D2B1BFE86}.Debug|x86.ActiveCfg = Debug|Any CPU
		{42143E38-EB83-4D47-B323-BA1D2B1BFE86}.Debug|x86.Build.0 = Debug|Any CPU
		{42143E38-EB83-4D47-B323-BA1D2B1BFE86}.Release|Any CPU.ActiveCfg = Release|Any CPU
		{42143E38-EB83-4D47-B323-BA1D2B1BFE86}.Release|Any CPU.Build.0 = Release|Any CPU
		{42143E38-EB83-4D47-B323-BA1D2B1BFE86}.Release|x64.ActiveCfg = Release|Any CPU
		{42143E38-EB83-4D47-B323-BA1D2B1BFE86}.Release|x64.Build.0 = Release|Any CPU
		{42143E38-EB83-4D47-B323-BA1D2B1BFE86}.Release|x86.ActiveCfg = Release|Any CPU
		{42143E38-EB83-4D47-B323-BA1D2B1BFE86}.Release|x86.Build.0 = Release|Any CPU
		{2D2305C1-7952-44FA-8792-111FF92E9F4F}.Debug|Any CPU.ActiveCfg = Debug|Any CPU
		{2D2305C1-7952-44FA-8792-111FF92E9F4F}.Debug|Any CPU.Build.0 = Debug|Any CPU
		{2D2305C1-7952-44FA-8792-111FF92E9F4F}.Debug|x64.ActiveCfg = Debug|Any CPU
		{2D2305C1-7952-44FA-8792-111FF92E9F4F}.Debug|x64.Build.0 = Debug|Any CPU
		{2D2305C1-7952-44FA-8792-111FF92E9F4F}.Debug|x86.ActiveCfg = Debug|Any CPU
		{2D2305C1-7952-44FA-8792-111FF92E9F4F}.Debug|x86.Build.0 = Debug|Any CPU
		{2D2305C1-7952-44FA-8792-111FF92E9F4F}.Release|Any CPU.ActiveCfg = Release|Any CPU
		{2D2305C1-7952-44FA-8792-111FF92E9F4F}.Release|Any CPU.Build.0 = Release|Any CPU
		{2D2305C1-7952-44FA-8792-111FF92E9F4F}.Release|x64.ActiveCfg = Release|Any CPU
		{2D2305C1-7952-44FA-8792-111FF92E9F4F}.Release|x64.Build.0 = Release|Any CPU
		{2D2305C1-7952-44FA-8792-111FF92E9F4F}.Release|x86.ActiveCfg = Release|Any CPU
		{2D2305C1-7952-44FA-8792-111FF92E9F4F}.Release|x86.Build.0 = Release|Any CPU
		{296D8F42-C89A-47B5-958E-3107F487A2D9}.Debug|Any CPU.ActiveCfg = Debug|Any CPU
		{296D8F42-C89A-47B5-958E-3107F487A2D9}.Debug|Any CPU.Build.0 = Debug|Any CPU
		{296D8F42-C89A-47B5-958E-3107F487A2D9}.Debug|x64.ActiveCfg = Debug|Any CPU
		{296D8F42-C89A-47B5-958E-3107F487A2D9}.Debug|x64.Build.0 = Debug|Any CPU
		{296D8F42-C89A-47B5-958E-3107F487A2D9}.Debug|x86.ActiveCfg = Debug|Any CPU
		{296D8F42-C89A-47B5-958E-3107F487A2D9}.Debug|x86.Build.0 = Debug|Any CPU
		{296D8F42-C89A-47B5-958E-3107F487A2D9}.Release|Any CPU.ActiveCfg = Release|Any CPU
		{296D8F42-C89A-47B5-958E-3107F487A2D9}.Release|Any CPU.Build.0 = Release|Any CPU
		{296D8F42-C89A-47B5-958E-3107F487A2D9}.Release|x64.ActiveCfg = Release|Any CPU
		{296D8F42-C89A-47B5-958E-3107F487A2D9}.Release|x64.Build.0 = Release|Any CPU
		{296D8F42-C89A-47B5-958E-3107F487A2D9}.Release|x86.ActiveCfg = Release|Any CPU
		{296D8F42-C89A-47B5-958E-3107F487A2D9}.Release|x86.Build.0 = Release|Any CPU
	EndGlobalSection
EndGlobal
